// !$*UTF8*$!
{
	archiveVersion = 1;
	classes = {
	};
	objectVersion = 56;
	objects = {

/* Begin PBXBuildFile section */
		5316AF7228E50AEC00C0A45E /* DevoteApp.swift in Sources */ = {isa = PBXBuildFile; fileRef = 5316AF7128E50AEC00C0A45E /* DevoteApp.swift */; };
		5316AF7428E50AEC00C0A45E /* ContentView.swift in Sources */ = {isa = PBXBuildFile; fileRef = 5316AF7328E50AEC00C0A45E /* ContentView.swift */; };
		5316AF7628E50AED00C0A45E /* Assets.xcassets in Resources */ = {isa = PBXBuildFile; fileRef = 5316AF7528E50AED00C0A45E /* Assets.xcassets */; };
		5316AF7928E50AED00C0A45E /* Preview Assets.xcassets in Resources */ = {isa = PBXBuildFile; fileRef = 5316AF7828E50AED00C0A45E /* Preview Assets.xcassets */; };
		5316AF7B28E50AED00C0A45E /* Persistence.swift in Sources */ = {isa = PBXBuildFile; fileRef = 5316AF7A28E50AED00C0A45E /* Persistence.swift */; };
		5316AF7E28E50AED00C0A45E /* Devote.xcdatamodeld in Sources */ = {isa = PBXBuildFile; fileRef = 5316AF7C28E50AED00C0A45E /* Devote.xcdatamodeld */; };
		5316AF8728E50E8400C0A45E /* sound-rise.mp3 in Resources */ = {isa = PBXBuildFile; fileRef = 5316AF8428E50E8400C0A45E /* sound-rise.mp3 */; };
		5316AF8828E50E8400C0A45E /* sound-tap.mp3 in Resources */ = {isa = PBXBuildFile; fileRef = 5316AF8528E50E8400C0A45E /* sound-tap.mp3 */; };
		5316AF8928E50E8400C0A45E /* sound-ding.mp3 in Resources */ = {isa = PBXBuildFile; fileRef = 5316AF8628E50E8400C0A45E /* sound-ding.mp3 */; };
		5379E53C28E945B300655CFC /* BackgoundImageView.swift in Sources */ = {isa = PBXBuildFile; fileRef = 5379E53B28E945B300655CFC /* BackgoundImageView.swift */; };
		53824F91290DC7EA00CF1296 /* ListRowItemView.swift in Sources */ = {isa = PBXBuildFile; fileRef = 53824F90290DC7EA00CF1296 /* ListRowItemView.swift */; };
		53824F93290DCF2C00CF1296 /* CheckboxStyle.swift in Sources */ = {isa = PBXBuildFile; fileRef = 53824F92290DCF2C00CF1296 /* CheckboxStyle.swift */; };
		53824F95290E225300CF1296 /* SoundPlayer.swift in Sources */ = {isa = PBXBuildFile; fileRef = 53824F94290E225300CF1296 /* SoundPlayer.swift */; };
		5394C08A290CA8D700687D7F /* NewTaskItemView.swift in Sources */ = {isa = PBXBuildFile; fileRef = 5394C089290CA8D600687D7F /* NewTaskItemView.swift */; };
		5394C08C290CB9F300687D7F /* BlankView.swift in Sources */ = {isa = PBXBuildFile; fileRef = 5394C08B290CB9F300687D7F /* BlankView.swift */; };
		53C22EF828E69B56008F9D86 /* Constant.swift in Sources */ = {isa = PBXBuildFile; fileRef = 53C22EF728E69B56008F9D86 /* Constant.swift */; };
/* End PBXBuildFile section */

/* Begin PBXFileReference section */
		5316AF6E28E50AEC00C0A45E /* Devote.app */ = {isa = PBXFileReference; explicitFileType = wrapper.application; includeInIndex = 0; path = Devote.app; sourceTree = BUILT_PRODUCTS_DIR; };
		5316AF7128E50AEC00C0A45E /* DevoteApp.swift */ = {isa = PBXFileReference; lastKnownFileType = sourcecode.swift; path = DevoteApp.swift; sourceTree = "<group>"; };
		5316AF7328E50AEC00C0A45E /* ContentView.swift */ = {isa = PBXFileReference; lastKnownFileType = sourcecode.swift; path = ContentView.swift; sourceTree = "<group>"; };
		5316AF7528E50AED00C0A45E /* Assets.xcassets */ = {isa = PBXFileReference; lastKnownFileType = folder.assetcatalog; path = Assets.xcassets; sourceTree = "<group>"; };
		5316AF7828E50AED00C0A45E /* Preview Assets.xcassets */ = {isa = PBXFileReference; lastKnownFileType = folder.assetcatalog; path = "Preview Assets.xcassets"; sourceTree = "<group>"; };
		5316AF7A28E50AED00C0A45E /* Persistence.swift */ = {isa = PBXFileReference; lastKnownFileType = sourcecode.swift; path = Persistence.swift; sourceTree = "<group>"; };
		5316AF7D28E50AED00C0A45E /* Devote.xcdatamodel */ = {isa = PBXFileReference; lastKnownFileType = wrapper.xcdatamodel; path = Devote.xcdatamodel; sourceTree = "<group>"; };
		5316AF8428E50E8400C0A45E /* sound-rise.mp3 */ = {isa = PBXFileReference; lastKnownFileType = audio.mp3; path = "sound-rise.mp3"; sourceTree = "<group>"; };
		5316AF8528E50E8400C0A45E /* sound-tap.mp3 */ = {isa = PBXFileReference; lastKnownFileType = audio.mp3; path = "sound-tap.mp3"; sourceTree = "<group>"; };
		5316AF8628E50E8400C0A45E /* sound-ding.mp3 */ = {isa = PBXFileReference; lastKnownFileType = audio.mp3; path = "sound-ding.mp3"; sourceTree = "<group>"; };
		5316AF8F28E50EFD00C0A45E /* Info.plist */ = {isa = PBXFileReference; lastKnownFileType = text.plist.xml; path = Info.plist; sourceTree = "<group>"; };
		5379E53B28E945B300655CFC /* BackgoundImageView.swift */ = {isa = PBXFileReference; lastKnownFileType = sourcecode.swift; path = BackgoundImageView.swift; sourceTree = "<group>"; };
		53824F90290DC7EA00CF1296 /* ListRowItemView.swift */ = {isa = PBXFileReference; lastKnownFileType = sourcecode.swift; path = ListRowItemView.swift; sourceTree = "<group>"; };
		53824F92290DCF2C00CF1296 /* CheckboxStyle.swift */ = {isa = PBXFileReference; lastKnownFileType = sourcecode.swift; path = CheckboxStyle.swift; sourceTree = "<group>"; };
		53824F94290E225300CF1296 /* SoundPlayer.swift */ = {isa = PBXFileReference; lastKnownFileType = sourcecode.swift; path = SoundPlayer.swift; sourceTree = "<group>"; };
		5394C089290CA8D600687D7F /* NewTaskItemView.swift */ = {isa = PBXFileReference; lastKnownFileType = sourcecode.swift; path = NewTaskItemView.swift; sourceTree = "<group>"; };
		5394C08B290CB9F300687D7F /* BlankView.swift */ = {isa = PBXFileReference; lastKnownFileType = sourcecode.swift; path = BlankView.swift; sourceTree = "<group>"; };
		53C22EF728E69B56008F9D86 /* Constant.swift */ = {isa = PBXFileReference; lastKnownFileType = sourcecode.swift; path = Constant.swift; sourceTree = "<group>"; };
/* End PBXFileReference section */

/* Begin PBXFrameworksBuildPhase section */
		5316AF6B28E50AEC00C0A45E /* Frameworks */ = {
			isa = PBXFrameworksBuildPhase;
			buildActionMask = 2147483647;
			files = (
			);
			runOnlyForDeploymentPostprocessing = 0;
		};
/* End PBXFrameworksBuildPhase section */

/* Begin PBXGroup section */
		5316AF6528E50AEC00C0A45E = {
			isa = PBXGroup;
			children = (
				5316AF7028E50AEC00C0A45E /* Devote */,
				5316AF6F28E50AEC00C0A45E /* Products */,
			);
			sourceTree = "<group>";
		};
		5316AF6F28E50AEC00C0A45E /* Products */ = {
			isa = PBXGroup;
			children = (
				5316AF6E28E50AEC00C0A45E /* Devote.app */,
			);
			name = Products;
			sourceTree = "<group>";
		};
		5316AF7028E50AEC00C0A45E /* Devote */ = {
			isa = PBXGroup;
			children = (
				5316AF7128E50AEC00C0A45E /* DevoteApp.swift */,
				53C22EF628E697FD008F9D86 /* View */,
				5316AF8E28E50EBB00C0A45E /* Model */,
				5316AF8D28E50EAD00C0A45E /* Styles */,
				5316AF8C28E50EA600C0A45E /* Utils */,
				5316AF8B28E50EA000C0A45E /* Extensions */,
				5316AF8A28E50E9000C0A45E /* Sounds */,
				5316AF8F28E50EFD00C0A45E /* Info.plist */,
				5316AF7528E50AED00C0A45E /* Assets.xcassets */,
				5316AF7728E50AED00C0A45E /* Preview Content */,
			);
			path = Devote;
			sourceTree = "<group>";
		};
		5316AF7728E50AED00C0A45E /* Preview Content */ = {
			isa = PBXGroup;
			children = (
				5316AF7828E50AED00C0A45E /* Preview Assets.xcassets */,
			);
			path = "Preview Content";
			sourceTree = "<group>";
		};
		5316AF8A28E50E9000C0A45E /* Sounds */ = {
			isa = PBXGroup;
			children = (
				5316AF8628E50E8400C0A45E /* sound-ding.mp3 */,
				5316AF8428E50E8400C0A45E /* sound-rise.mp3 */,
				5316AF8528E50E8400C0A45E /* sound-tap.mp3 */,
			);
			path = Sounds;
			sourceTree = "<group>";
		};
		5316AF8B28E50EA000C0A45E /* Extensions */ = {
			isa = PBXGroup;
			children = (
			);
			path = Extensions;
			sourceTree = "<group>";
		};
		5316AF8C28E50EA600C0A45E /* Utils */ = {
			isa = PBXGroup;
			children = (
				53C22EF728E69B56008F9D86 /* Constant.swift */,
				53824F94290E225300CF1296 /* SoundPlayer.swift */,
			);
			path = Utils;
			sourceTree = "<group>";
		};
		5316AF8D28E50EAD00C0A45E /* Styles */ = {
			isa = PBXGroup;
			children = (
				53824F92290DCF2C00CF1296 /* CheckboxStyle.swift */,
			);
			path = Styles;
			sourceTree = "<group>";
		};
		5316AF8E28E50EBB00C0A45E /* Model */ = {
			isa = PBXGroup;
			children = (
				5316AF7A28E50AED00C0A45E /* Persistence.swift */,
				5316AF7C28E50AED00C0A45E /* Devote.xcdatamodeld */,
			);
			path = Model;
			sourceTree = "<group>";
		};
		53C22EF628E697FD008F9D86 /* View */ = {
			isa = PBXGroup;
			children = (
				5316AF7328E50AEC00C0A45E /* ContentView.swift */,
				5379E53B28E945B300655CFC /* BackgoundImageView.swift */,
				5394C089290CA8D600687D7F /* NewTaskItemView.swift */,
				5394C08B290CB9F300687D7F /* BlankView.swift */,
				53824F90290DC7EA00CF1296 /* ListRowItemView.swift */,
			);
			path = View;
			sourceTree = "<group>";
		};
/* End PBXGroup section */

/* Begin PBXNativeTarget section */
		5316AF6D28E50AEC00C0A45E /* Devote */ = {
			isa = PBXNativeTarget;
			buildConfigurationList = 5316AF8128E50AED00C0A45E /* Build configuration list for PBXNativeTarget "Devote" */;
			buildPhases = (
				5316AF6A28E50AEC00C0A45E /* Sources */,
				5316AF6B28E50AEC00C0A45E /* Frameworks */,
				5316AF6C28E50AEC00C0A45E /* Resources */,
			);
			buildRules = (
			);
			dependencies = (
			);
			name = Devote;
			productName = Devote;
			productReference = 5316AF6E28E50AEC00C0A45E /* Devote.app */;
			productType = "com.apple.product-type.application";
		};
/* End PBXNativeTarget section */

/* Begin PBXProject section */
		5316AF6628E50AEC00C0A45E /* Project object */ = {
			isa = PBXProject;
			attributes = {
				BuildIndependentTargetsInParallel = 1;
				LastSwiftUpdateCheck = 1400;
				LastUpgradeCheck = 1400;
				TargetAttributes = {
					5316AF6D28E50AEC00C0A45E = {
						CreatedOnToolsVersion = 14.0.1;
					};
				};
			};
			buildConfigurationList = 5316AF6928E50AEC00C0A45E /* Build configuration list for PBXProject "Devote" */;
			compatibilityVersion = "Xcode 14.0";
			developmentRegion = en;
			hasScannedForEncodings = 0;
			knownRegions = (
				en,
				Base,
			);
			mainGroup = 5316AF6528E50AEC00C0A45E;
			productRefGroup = 5316AF6F28E50AEC00C0A45E /* Products */;
			projectDirPath = "";
			projectRoot = "";
			targets = (
				5316AF6D28E50AEC00C0A45E /* Devote */,
			);
		};
/* End PBXProject section */

/* Begin PBXResourcesBuildPhase section */
		5316AF6C28E50AEC00C0A45E /* Resources */ = {
			isa = PBXResourcesBuildPhase;
			buildActionMask = 2147483647;
			files = (
				5316AF8928E50E8400C0A45E /* sound-ding.mp3 in Resources */,
				5316AF8728E50E8400C0A45E /* sound-rise.mp3 in Resources */,
				5316AF7928E50AED00C0A45E /* Preview Assets.xcassets in Resources */,
				5316AF8828E50E8400C0A45E /* sound-tap.mp3 in Resources */,
				5316AF7628E50AED00C0A45E /* Assets.xcassets in Resources */,
			);
			runOnlyForDeploymentPostprocessing = 0;
		};
/* End PBXResourcesBuildPhase section */

/* Begin PBXSourcesBuildPhase section */
		5316AF6A28E50AEC00C0A45E /* Sources */ = {
			isa = PBXSourcesBuildPhase;
			buildActionMask = 2147483647;
			files = (
				53824F91290DC7EA00CF1296 /* ListRowItemView.swift in Sources */,
				5394C08A290CA8D700687D7F /* NewTaskItemView.swift in Sources */,
				53824F95290E225300CF1296 /* SoundPlayer.swift in Sources */,
				5316AF7B28E50AED00C0A45E /* Persistence.swift in Sources */,
				5379E53C28E945B300655CFC /* BackgoundImageView.swift in Sources */,
				5316AF7428E50AEC00C0A45E /* ContentView.swift in Sources */,
				53C22EF828E69B56008F9D86 /* Constant.swift in Sources */,
				5394C08C290CB9F300687D7F /* BlankView.swift in Sources */,
				5316AF7E28E50AED00C0A45E /* Devote.xcdatamodeld in Sources */,
				53824F93290DCF2C00CF1296 /* CheckboxStyle.swift in Sources */,
				5316AF7228E50AEC00C0A45E /* DevoteApp.swift in Sources */,
			);
			runOnlyForDeploymentPostprocessing = 0;
		};
/* End PBXSourcesBuildPhase section */

/* Begin XCBuildConfiguration section */
		5316AF7F28E50AED00C0A45E /* Debug */ = {
			isa = XCBuildConfiguration;
			buildSettings = {
				ALWAYS_SEARCH_USER_PATHS = NO;
				CLANG_ANALYZER_NONNULL = YES;
				CLANG_ANALYZER_NUMBER_OBJECT_CONVERSION = YES_AGGRESSIVE;
				CLANG_CXX_LANGUAGE_STANDARD = "gnu++20";
				CLANG_ENABLE_MODULES = YES;
				CLANG_ENABLE_OBJC_ARC = YES;
				CLANG_ENABLE_OBJC_WEAK = YES;
				CLANG_WARN_BLOCK_CAPTURE_AUTORELEASING = YES;
				CLANG_WARN_BOOL_CONVERSION = YES;
				CLANG_WARN_COMMA = YES;
				CLANG_WARN_CONSTANT_CONVERSION = YES;
				CLANG_WARN_DEPRECATED_OBJC_IMPLEMENTATIONS = YES;
				CLANG_WARN_DIRECT_OBJC_ISA_USAGE = YES_ERROR;
				CLANG_WARN_DOCUMENTATION_COMMENTS = YES;
				CLANG_WARN_EMPTY_BODY = YES;
				CLANG_WARN_ENUM_CONVERSION = YES;
				CLANG_WARN_INFINITE_RECURSION = YES;
				CLANG_WARN_INT_CONVERSION = YES;
				CLANG_WARN_NON_LITERAL_NULL_CONVERSION = YES;
				CLANG_WARN_OBJC_IMPLICIT_RETAIN_SELF = YES;
				CLANG_WARN_OBJC_LITERAL_CONVERSION = YES;
				CLANG_WARN_OBJC_ROOT_CLASS = YES_ERROR;
				CLANG_WARN_QUOTED_INCLUDE_IN_FRAMEWORK_HEADER = YES;
				CLANG_WARN_RANGE_LOOP_ANALYSIS = YES;
				CLANG_WARN_STRICT_PROTOTYPES = YES;
				CLANG_WARN_SUSPICIOUS_MOVE = YES;
				CLANG_WARN_UNGUARDED_AVAILABILITY = YES_AGGRESSIVE;
				CLANG_WARN_UNREACHABLE_CODE = YES;
				CLANG_WARN__DUPLICATE_METHOD_MATCH = YES;
				COPY_PHASE_STRIP = NO;
				DEBUG_INFORMATION_FORMAT = dwarf;
				ENABLE_STRICT_OBJC_MSGSEND = YES;
				ENABLE_TESTABILITY = YES;
				GCC_C_LANGUAGE_STANDARD = gnu11;
				GCC_DYNAMIC_NO_PIC = NO;
				GCC_NO_COMMON_BLOCKS = YES;
				GCC_OPTIMIZATION_LEVEL = 0;
				GCC_PREPROCESSOR_DEFINITIONS = (
					"DEBUG=1",
					"$(inherited)",
				);
				GCC_WARN_64_TO_32_BIT_CONVERSION = YES;
				GCC_WARN_ABOUT_RETURN_TYPE = YES_ERROR;
				GCC_WARN_UNDECLARED_SELECTOR = YES;
				GCC_WARN_UNINITIALIZED_AUTOS = YES_AGGRESSIVE;
				GCC_WARN_UNUSED_FUNCTION = YES;
				GCC_WARN_UNUSED_VARIABLE = YES;
				IPHONEOS_DEPLOYMENT_TARGET = 16.0;
				MTL_ENABLE_DEBUG_INFO = INCLUDE_SOURCE;
				MTL_FAST_MATH = YES;
				ONLY_ACTIVE_ARCH = YES;
				SDKROOT = iphoneos;
				SWIFT_ACTIVE_COMPILATION_CONDITIONS = DEBUG;
				SWIFT_OPTIMIZATION_LEVEL = "-Onone";
			};
			name = Debug;
		};
		5316AF8028E50AED00C0A45E /* Release */ = {
			isa = XCBuildConfiguration;
			buildSettings = {
				ALWAYS_SEARCH_USER_PATHS = NO;
				CLANG_ANALYZER_NONNULL = YES;
				CLANG_ANALYZER_NUMBER_OBJECT_CONVERSION = YES_AGGRESSIVE;
				CLANG_CXX_LANGUAGE_STANDARD = "gnu++20";
				CLANG_ENABLE_MODULES = YES;
				CLANG_ENABLE_OBJC_ARC = YES;
				CLANG_ENABLE_OBJC_WEAK = YES;
				CLANG_WARN_BLOCK_CAPTURE_AUTORELEASING = YES;
				CLANG_WARN_BOOL_CONVERSION = YES;
				CLANG_WARN_COMMA = YES;
				CLANG_WARN_CONSTANT_CONVERSION = YES;
				CLANG_WARN_DEPRECATED_OBJC_IMPLEMENTATIONS = YES;
				CLANG_WARN_DIRECT_OBJC_ISA_USAGE = YES_ERROR;
				CLANG_WARN_DOCUMENTATION_COMMENTS = YES;
				CLANG_WARN_EMPTY_BODY = YES;
				CLANG_WARN_ENUM_CONVERSION = YES;
				CLANG_WARN_INFINITE_RECURSION = YES;
				CLANG_WARN_INT_CONVERSION = YES;
				CLANG_WARN_NON_LITERAL_NULL_CONVERSION = YES;
				CLANG_WARN_OBJC_IMPLICIT_RETAIN_SELF = YES;
				CLANG_WARN_OBJC_LITERAL_CONVERSION = YES;
				CLANG_WARN_OBJC_ROOT_CLASS = YES_ERROR;
				CLANG_WARN_QUOTED_INCLUDE_IN_FRAMEWORK_HEADER = YES;
				CLANG_WARN_RANGE_LOOP_ANALYSIS = YES;
				CLANG_WARN_STRICT_PROTOTYPES = YES;
				CLANG_WARN_SUSPICIOUS_MOVE = YES;
				CLANG_WARN_UNGUARDED_AVAILABILITY = YES_AGGRESSIVE;
				CLANG_WARN_UNREACHABLE_CODE = YES;
				CLANG_WARN__DUPLICATE_METHOD_MATCH = YES;
				COPY_PHASE_STRIP = NO;
				DEBUG_INFORMATION_FORMAT = "dwarf-with-dsym";
				ENABLE_NS_ASSERTIONS = NO;
				ENABLE_STRICT_OBJC_MSGSEND = YES;
				GCC_C_LANGUAGE_STANDARD = gnu11;
				GCC_NO_COMMON_BLOCKS = YES;
				GCC_WARN_64_TO_32_BIT_CONVERSION = YES;
				GCC_WARN_ABOUT_RETURN_TYPE = YES_ERROR;
				GCC_WARN_UNDECLARED_SELECTOR = YES;
				GCC_WARN_UNINITIALIZED_AUTOS = YES_AGGRESSIVE;
				GCC_WARN_UNUSED_FUNCTION = YES;
				GCC_WARN_UNUSED_VARIABLE = YES;
				IPHONEOS_DEPLOYMENT_TARGET = 16.0;
				MTL_ENABLE_DEBUG_INFO = NO;
				MTL_FAST_MATH = YES;
				SDKROOT = iphoneos;
				SWIFT_COMPILATION_MODE = wholemodule;
				SWIFT_OPTIMIZATION_LEVEL = "-O";
				VALIDATE_PRODUCT = YES;
			};
			name = Release;
		};
		5316AF8228E50AED00C0A45E /* Debug */ = {
			isa = XCBuildConfiguration;
			buildSettings = {
				ASSETCATALOG_COMPILER_APPICON_NAME = AppIcon;
				ASSETCATALOG_COMPILER_GLOBAL_ACCENT_COLOR_NAME = AccentColor;
				CODE_SIGN_STYLE = Automatic;
				CURRENT_PROJECT_VERSION = 1;
				DEVELOPMENT_ASSET_PATHS = "\"Devote/Preview Content\"";
				DEVELOPMENT_TEAM = 47K5ANA66W;
				ENABLE_PREVIEWS = YES;
				GENERATE_INFOPLIST_FILE = YES;
				INFOPLIST_FILE = Devote/Info.plist;
				INFOPLIST_KEY_CFBundleDisplayName = Devote;
				INFOPLIST_KEY_LSApplicationCategoryType = "public.app-category.productivity";
				INFOPLIST_KEY_UIApplicationSceneManifest_Generation = YES;
				INFOPLIST_KEY_UIApplicationSupportsIndirectInputEvents = YES;
				INFOPLIST_KEY_UIRequiresFullScreen = NO;
				INFOPLIST_KEY_UIStatusBarStyle = "";
				INFOPLIST_KEY_UISupportedInterfaceOrientations = UIInterfaceOrientationPortrait;
				INFOPLIST_KEY_UISupportedInterfaceOrientations_iPad = "UIInterfaceOrientationLandscapeLeft UIInterfaceOrientationLandscapeRight UIInterfaceOrientationPortrait UIInterfaceOrientationPortraitUpsideDown";
				INFOPLIST_KEY_UIUserInterfaceStyle = Light;
				LD_RUNPATH_SEARCH_PATHS = (
					"$(inherited)",
					"@executable_path/Frameworks",
				);
				MARKETING_VERSION = 1.0;
				PRODUCT_BUNDLE_IDENTIFIER = com.treinamento.Devote;
				PRODUCT_NAME = "$(TARGET_NAME)";
				SWIFT_EMIT_LOC_STRINGS = YES;
				SWIFT_VERSION = 5.0;
				TARGETED_DEVICE_FAMILY = "1,2";
			};
			name = Debug;
		};
		5316AF8328E50AED00C0A45E /* Release */ = {
			isa = XCBuildConfiguration;
			buildSettings = {
				ASSETCATALOG_COMPILER_APPICON_NAME = AppIcon;
				ASSETCATALOG_COMPILER_GLOBAL_ACCENT_COLOR_NAME = AccentColor;
				CODE_SIGN_STYLE = Automatic;
				CURRENT_PROJECT_VERSION = 1;
				DEVELOPMENT_ASSET_PATHS = "\"Devote/Preview Content\"";
				DEVELOPMENT_TEAM = 47K5ANA66W;
				ENABLE_PREVIEWS = YES;
				GENERATE_INFOPLIST_FILE = YES;
				INFOPLIST_FILE = Devote/Info.plist;
				INFOPLIST_KEY_CFBundleDisplayName = Devote;
				INFOPLIST_KEY_LSApplicationCategoryType = "public.app-category.productivity";
				INFOPLIST_KEY_UIApplicationSceneManifest_Generation = YES;
				INFOPLIST_KEY_UIApplicationSupportsIndirectInputEvents = YES;
				INFOPLIST_KEY_UIRequiresFullScreen = NO;
				INFOPLIST_KEY_UIStatusBarStyle = "";
				INFOPLIST_KEY_UISupportedInterfaceOrientations = UIInterfaceOrientationPortrait;
				INFOPLIST_KEY_UISupportedInterfaceOrientations_iPad = "UIInterfaceOrientationLandscapeLeft UIInterfaceOrientationLandscapeRight UIInterfaceOrientationPortrait UIInterfaceOrientationPortraitUpsideDown";
				INFOPLIST_KEY_UIUserInterfaceStyle = Light;
				LD_RUNPATH_SEARCH_PATHS = (
					"$(inherited)",
					"@executable_path/Frameworks",
				);
				MARKETING_VERSION = 1.0;
				PRODUCT_BUNDLE_IDENTIFIER = com.treinamento.Devote;
				PRODUCT_NAME = "$(TARGET_NAME)";
				SWIFT_EMIT_LOC_STRINGS = YES;
				SWIFT_VERSION = 5.0;
				TARGETED_DEVICE_FAMILY = "1,2";
			};
			name = Release;
		};
/* End XCBuildConfiguration section */

/* Begin XCConfigurationList section */
		5316AF6928E50AEC00C0A45E /* Build configuration list for PBXProject "Devote" */ = {
			isa = XCConfigurationList;
			buildConfigurations = (
				5316AF7F28E50AED00C0A45E /* Debug */,
				5316AF8028E50AED00C0A45E /* Release */,
			);
			defaultConfigurationIsVisible = 0;
			defaultConfigurationName = Release;
		};
		5316AF8128E50AED00C0A45E /* Build configuration list for PBXNativeTarget "Devote" */ = {
			isa = XCConfigurationList;
			buildConfigurations = (
				5316AF8228E50AED00C0A45E /* Debug */,
				5316AF8328E50AED00C0A45E /* Release */,
			);
			defaultConfigurationIsVisible = 0;
			defaultConfigurationName = Release;
		};
/* End XCConfigurationList section */

/* Begin XCVersionGroup section */
		5316AF7C28E50AED00C0A45E /* Devote.xcdatamodeld */ = {
			isa = XCVersionGroup;
			children = (
				5316AF7D28E50AED00C0A45E /* Devote.xcdatamodel */,
			);
			currentVersion = 5316AF7D28E50AED00C0A45E /* Devote.xcdatamodel */;
			path = Devote.xcdatamodeld;
			sourceTree = "<group>";
			versionGroupType = wrapper.xcdatamodel;
		};
/* End XCVersionGroup section */
	};
	rootObject = 5316AF6628E50AEC00C0A45E /* Project object */;
}
